
Microsoft Visual Studio Solution File, Format Version 12.00
# Visual Studio Version 17
VisualStudioVersion = 17.0.31903.59
MinimumVisualStudioVersion = 10.0.40219.1
Project("{2150E333-8FDC-42A3-9474-1A3956D46DE8}") = "src", "src", "{B4E54956-723C-464A-B806-CEA81B983C86}"
EndProject
Project("{9A19103F-16F7-4668-BE54-9A1E7A4F7556}") = "webapi", "src\Webapi\webapi.csproj", "{F15A5301-8B45-41FE-B710-D8F10674CB6B}"
EndProject
Project("{9A19103F-16F7-4668-BE54-9A1E7A4F7556}") = "webapp", "src\webapp\webapp.csproj", "{5C05F409-E36A-4954-8E77-E8EE96CBABB5}"
EndProject
Project("{9A19103F-16F7-4668-BE54-9A1E7A4F7556}") = "Shared", "src\shared\Shared.csproj", "{540C8EA6-4A6B-430E-8858-AC99AFCD1829}"
EndProject
Global
	GlobalSection(SolutionConfigurationPlatforms) = preSolution
		Debug|Any CPU = Debug|Any CPU
		Release|Any CPU = Release|Any CPU
	EndGlobalSection
	GlobalSection(ProjectConfigurationPlatforms) = postSolution
		{F15A5301-8B45-41FE-B710-D8F10674CB6B}.Debug|Any CPU.ActiveCfg = Debug|Any CPU
		{F15A5301-8B45-41FE-B710-D8F10674CB6B}.Debug|Any CPU.Build.0 = Debug|Any CPU
		{F15A5301-8B45-41FE-B710-D8F10674CB6B}.Release|Any CPU.ActiveCfg = Release|Any CPU
		{F15A5301-8B45-41FE-B710-D8F10674CB6B}.Release|Any CPU.Build.0 = Release|Any CPU
		{5C05F409-E36A-4954-8E77-E8EE96CBABB5}.Debug|Any CPU.ActiveCfg = Debug|Any CPU
		{5C05F409-E36A-4954-8E77-E8EE96CBABB5}.Debug|Any CPU.Build.0 = Debug|Any CPU
		{5C05F409-E36A-4954-8E77-E8EE96CBABB5}.Release|Any CPU.ActiveCfg = Release|Any CPU
		{5C05F409-E36A-4954-8E77-E8EE96CBABB5}.Release|Any CPU.Build.0 = Release|Any CPU
		{540C8EA6-4A6B-430E-8858-AC99AFCD1829}.Debug|Any CPU.ActiveCfg = Debug|Any CPU
		{540C8EA6-4A6B-430E-8858-AC99AFCD1829}.Debug|Any CPU.Build.0 = Debug|Any CPU
		{540C8EA6-4A6B-430E-8858-AC99AFCD1829}.Release|Any CPU.ActiveCfg = Release|Any CPU
		{540C8EA6-4A6B-430E-8858-AC99AFCD1829}.Release|Any CPU.Build.0 = Release|Any CPU
	EndGlobalSection
	GlobalSection(SolutionProperties) = preSolution
		HideSolutionNode = FALSE
	EndGlobalSection
	GlobalSection(NestedProjects) = preSolution
		{F15A5301-8B45-41FE-B710-D8F10674CB6B} = {B4E54956-723C-464A-B806-CEA81B983C86}
		{5C05F409-E36A-4954-8E77-E8EE96CBABB5} = {B4E54956-723C-464A-B806-CEA81B983C86}
		{540C8EA6-4A6B-430E-8858-AC99AFCD1829} = {B4E54956-723C-464A-B806-CEA81B983C86}
	EndGlobalSection
	GlobalSection(ExtensibilityGlobals) = postSolution
		SolutionGuid = {EEE30086-1656-4D99-8209-E126A012883C}
	EndGlobalSection
EndGlobal
